
Microsoft Visual Studio Solution File, Format Version 12.00
# Visual Studio Version 17
VisualStudioVersion = 17.13.35913.81 d17.13
MinimumVisualStudioVersion = 10.0.40219.1
Project("{FAE04EC0-301F-11D3-BF4B-00C04F79EFBC}") = "TeemaStruct", "TeemaStruct.csproj", "{C9FF8704-429F-4F52-99C9-8442BDC360EE}"
EndProject
Global
	GlobalSection(SolutionConfigurationPlatforms) = preSolution
		Debug|Any CPU = Debug|Any CPU
		Release|Any CPU = Release|Any CPU
	EndGlobalSection
	GlobalSection(ProjectConfigurationPlatforms) = postSolution
		{C9FF8704-429F-4F52-99C9-8442BDC360EE}.Debug|Any CPU.ActiveCfg = Debug|Any CPU
		{C9FF8704-429F-4F52-99C9-8442BDC360EE}.Debug|Any CPU.Build.0 = Debug|Any CPU
		{C9FF8704-429F-4F52-99C9-8442BDC360EE}.Release|Any CPU.ActiveCfg = Release|Any CPU
		{C9FF8704-429F-4F52-99C9-8442BDC360EE}.Release|Any CPU.Build.0 = Release|Any CPU
	EndGlobalSection
	GlobalSection(SolutionProperties) = preSolution
		HideSolutionNode = FALSE
	EndGlobalSection
	GlobalSection(ExtensibilityGlobals) = postSolution
		SolutionGuid = {904325B1-1FD1-4EBF-AFF2-22CAE93D8F83}
	EndGlobalSection
EndGlobal
