
Microsoft Visual Studio Solution File, Format Version 12.00
# Visual Studio Version 17
VisualStudioVersion = 17.13.35913.81 d17.13
MinimumVisualStudioVersion = 10.0.40219.1
Project("{FAE04EC0-301F-11D3-BF4B-00C04F79EFBC}") = "Ü2-2", "Ü2-2.csproj", "{7DAB862B-38CD-4583-BDE0-3D83FF4BDFC6}"
EndProject
Global
	GlobalSection(SolutionConfigurationPlatforms) = preSolution
		Debug|Any CPU = Debug|Any CPU
		Release|Any CPU = Release|Any CPU
	EndGlobalSection
	GlobalSection(ProjectConfigurationPlatforms) = postSolution
		{7DAB862B-38CD-4583-BDE0-3D83FF4BDFC6}.Debug|Any CPU.ActiveCfg = Debug|Any CPU
		{7DAB862B-38CD-4583-BDE0-3D83FF4BDFC6}.Debug|Any CPU.Build.0 = Debug|Any CPU
		{7DAB862B-38CD-4583-BDE0-3D83FF4BDFC6}.Release|Any CPU.ActiveCfg = Release|Any CPU
		{7DAB862B-38CD-4583-BDE0-3D83FF4BDFC6}.Release|Any CPU.Build.0 = Release|Any CPU
	EndGlobalSection
	GlobalSection(SolutionProperties) = preSolution
		HideSolutionNode = FALSE
	EndGlobalSection
	GlobalSection(ExtensibilityGlobals) = postSolution
		SolutionGuid = {5B136976-EA83-4816-8BCD-893E095CC36B}
	EndGlobalSection
EndGlobal
